Microsoft Visual Studio Solution File, Format Version 11.00
# Visual Studio 2008

Project("{84693CB8-FC28-DAE1-7C7E-7DC598220F75}") = "user_define_sample", "Assembly-CSharp-vs.csproj", "{8645BB5F-F12A-FD38-F08F-1F116F6E8D07}"
EndProject
Project("{84693CB8-FC28-DAE1-7C7E-7DC598220F75}") = "user_define_sample", "Assembly-CSharp-Editor-vs.csproj", "{7A518538-8385-A973-5C3D-DD4536A922EB}"
EndProject
Global
	GlobalSection(SolutionConfigurationPlatforms) = preSolution
		Debug|Any CPU = Debug|Any CPU
		Release|Any CPU = Release|Any CPU
	EndGlobalSection
	GlobalSection(ProjectConfigurationPlatforms) = postSolution
		{8645BB5F-F12A-FD38-F08F-1F116F6E8D07}.Debug|Any CPU.ActiveCfg = Debug|Any CPU
		{8645BB5F-F12A-FD38-F08F-1F116F6E8D07}.Debug|Any CPU.Build.0 = Debug|Any CPU
		{8645BB5F-F12A-FD38-F08F-1F116F6E8D07}.Release|Any CPU.ActiveCfg = Release|Any CPU
		{8645BB5F-F12A-FD38-F08F-1F116F6E8D07}.Release|Any CPU.Build.0 = Release|Any CPU
		{7A518538-8385-A973-5C3D-DD4536A922EB}.Debug|Any CPU.ActiveCfg = Debug|Any CPU
		{7A518538-8385-A973-5C3D-DD4536A922EB}.Debug|Any CPU.Build.0 = Debug|Any CPU
		{7A518538-8385-A973-5C3D-DD4536A922EB}.Release|Any CPU.ActiveCfg = Release|Any CPU
		{7A518538-8385-A973-5C3D-DD4536A922EB}.Release|Any CPU.Build.0 = Release|Any CPU
	EndGlobalSection
	GlobalSection(SolutionProperties) = preSolution
		HideSolutionNode = FALSE
	EndGlobalSection
				GlobalSection(MonoDevelopProperties) = preSolution
		StartupItem = Assembly-CSharp.csproj
		Policies = $0
		$0.TextStylePolicy = $1
		$1.inheritsSet = null
		$1.scope = text/x-csharp
		$0.CSharpFormattingPolicy = $2
		$2.inheritsSet = Mono
		$2.inheritsScope = text/x-csharp
		$2.scope = text/x-csharp
		$0.TextStylePolicy = $3
		$3.FileWidth = 120
		$3.TabWidth = 4
		$3.EolMarker = Unix
		$3.inheritsSet = Mono
		$3.inheritsScope = text/plain
		$3.scope = text/plain
	EndGlobalSection

EndGlobal
